
Microsoft Visual Studio Solution File, Format Version 12.00
# Visual Studio Version 16
VisualStudioVersion = 16.0.31129.286
MinimumVisualStudioVersion = 10.0.40219.1
Project("{FAE04EC0-301F-11D3-BF4B-00C04F79EFBC}") = "PDF join to PDF", "PDF join to PDF\PDF join to PDF.csproj", "{15478379-08D2-4D13-9814-D77B9EF852E2}"
EndProject
Project("{FAE04EC0-301F-11D3-BF4B-00C04F79EFBC}") = "PDF Join", "PDF Join\PDF Join.csproj", "{CBC1ED01-A0ED-4AFE-983C-A455F8CDF55F}"
EndProject
Global
	GlobalSection(SolutionConfigurationPlatforms) = preSolution
		Debug|Any CPU = Debug|Any CPU
		Release|Any CPU = Release|Any CPU
	EndGlobalSection
	GlobalSection(ProjectConfigurationPlatforms) = postSolution
		{15478379-08D2-4D13-9814-D77B9EF852E2}.Debug|Any CPU.ActiveCfg = Debug|Any CPU
		{15478379-08D2-4D13-9814-D77B9EF852E2}.Debug|Any CPU.Build.0 = Debug|Any CPU
		{15478379-08D2-4D13-9814-D77B9EF852E2}.Release|Any CPU.ActiveCfg = Release|Any CPU
		{15478379-08D2-4D13-9814-D77B9EF852E2}.Release|Any CPU.Build.0 = Release|Any CPU
		{CBC1ED01-A0ED-4AFE-983C-A455F8CDF55F}.Debug|Any CPU.ActiveCfg = Debug|Any CPU
		{CBC1ED01-A0ED-4AFE-983C-A455F8CDF55F}.Debug|Any CPU.Build.0 = Debug|Any CPU
		{CBC1ED01-A0ED-4AFE-983C-A455F8CDF55F}.Release|Any CPU.ActiveCfg = Release|Any CPU
		{CBC1ED01-A0ED-4AFE-983C-A455F8CDF55F}.Release|Any CPU.Build.0 = Release|Any CPU
	EndGlobalSection
	GlobalSection(SolutionProperties) = preSolution
		HideSolutionNode = FALSE
	EndGlobalSection
	GlobalSection(ExtensibilityGlobals) = postSolution
		SolutionGuid = {85AB15F0-B534-4746-8942-B4080F582C42}
	EndGlobalSection
EndGlobal
